
Microsoft Visual Studio Solution File, Format Version 12.00
# Visual Studio Version 17
VisualStudioVersion = 17.8.34316.72
MinimumVisualStudioVersion = 10.0.40219.1
Project("{FAE04EC0-301F-11D3-BF4B-00C04F79EFBC}") = "StructImprovements", "StructImprovements\StructImprovements.csproj", "{A475E316-7247-4B4A-AE56-2BB6FDF0B0DC}"
EndProject
Global
	GlobalSection(SolutionConfigurationPlatforms) = preSolution
		Debug|Any CPU = Debug|Any CPU
		Release|Any CPU = Release|Any CPU
	EndGlobalSection
	GlobalSection(ProjectConfigurationPlatforms) = postSolution
		{A475E316-7247-4B4A-AE56-2BB6FDF0B0DC}.Debug|Any CPU.ActiveCfg = Debug|Any CPU
		{A475E316-7247-4B4A-AE56-2BB6FDF0B0DC}.Debug|Any CPU.Build.0 = Debug|Any CPU
		{A475E316-7247-4B4A-AE56-2BB6FDF0B0DC}.Release|Any CPU.ActiveCfg = Release|Any CPU
		{A475E316-7247-4B4A-AE56-2BB6FDF0B0DC}.Release|Any CPU.Build.0 = Release|Any CPU
	EndGlobalSection
	GlobalSection(SolutionProperties) = preSolution
		HideSolutionNode = FALSE
	EndGlobalSection
	GlobalSection(ExtensibilityGlobals) = postSolution
		SolutionGuid = {4CC657CE-4831-4B70-B7D4-5B8F66C75F71}
	EndGlobalSection
EndGlobal
